
Microsoft Visual Studio Solution File, Format Version 12.00
# Visual Studio 15
Project("{FAE04EC0-301F-11D3-BF4B-00C04F79EFBC}") = "Assembly-CSharp", "Assembly-CSharp.csproj", "{A77448A7-75D0-056B-1A94-AA32AB4491E6}"
EndProject
Project("{FAE04EC0-301F-11D3-BF4B-00C04F79EFBC}") = "Assembly-CSharp-Editor", "Assembly-CSharp-Editor.csproj", "{B56E0B09-4F20-44B0-E148-A199CDDC5773}"
EndProject
Global
	GlobalSection(SolutionConfigurationPlatforms) = preSolution
		Debug|Any CPU = Debug|Any CPU
		Release|Any CPU = Release|Any CPU
	EndGlobalSection
	GlobalSection(ProjectConfigurationPlatforms) = postSolution
		{A77448A7-75D0-056B-1A94-AA32AB4491E6}.Debug|Any CPU.ActiveCfg = Debug|Any CPU
		{A77448A7-75D0-056B-1A94-AA32AB4491E6}.Debug|Any CPU.Build.0 = Debug|Any CPU
		{A77448A7-75D0-056B-1A94-AA32AB4491E6}.Release|Any CPU.ActiveCfg = Release|Any CPU
		{A77448A7-75D0-056B-1A94-AA32AB4491E6}.Release|Any CPU.Build.0 = Release|Any CPU
		{B56E0B09-4F20-44B0-E148-A199CDDC5773}.Debug|Any CPU.ActiveCfg = Debug|Any CPU
		{B56E0B09-4F20-44B0-E148-A199CDDC5773}.Debug|Any CPU.Build.0 = Debug|Any CPU
		{B56E0B09-4F20-44B0-E148-A199CDDC5773}.Release|Any CPU.ActiveCfg = Release|Any CPU
		{B56E0B09-4F20-44B0-E148-A199CDDC5773}.Release|Any CPU.Build.0 = Release|Any CPU
	EndGlobalSection
	GlobalSection(SolutionProperties) = preSolution
		HideSolutionNode = FALSE
	EndGlobalSection
EndGlobal
